{
  "name": "05-prueba-libreria",
  "version": "1.0.0",
  "lockfileVersion": 3,
  "requires": true,
  "packages": {
    "": {
      "name": "05-prueba-libreria",
      "version": "1.0.0",
      "license": "ISC",
      "dependencies": {
        "calculadora-coderhouse-72035": "^2.0.0"
      }
    },
    "node_modules/calculadora-coderhouse-72035": {
      "version": "2.0.0",
      "resolved": "https://registry.npmjs.org/calculadora-coderhouse-72035/-/calculadora-coderhouse-72035-2.0.0.tgz",
      "integrity": "sha512-RCq5gDPRIkOz81QmG1V4EmkeZ+ebB+xSmEjojKEI1+jsO+n9RJB+XTxSNxZc3Vsl8d6XbghBf/+nk6RSjGFi2w==",
      "license": "ISC"
    }
  }
}
